
Microsoft Visual Studio Solution File, Format Version 12.00
# Visual Studio 15
VisualStudioVersion = 15.0.28010.2050
MinimumVisualStudioVersion = 10.0.40219.1
Project("{9A19103F-16F7-4668-BE54-9A1E7A4F7556}") = "ActorModelProblem", "ActorModelProblem.csproj", "{B2B70D29-7C69-4F79-8C6B-563F43F96086}"
EndProject
Global
	GlobalSection(SolutionConfigurationPlatforms) = preSolution
		Debug|Any CPU = Debug|Any CPU
		Release|Any CPU = Release|Any CPU
	EndGlobalSection
	GlobalSection(ProjectConfigurationPlatforms) = postSolution
		{B2B70D29-7C69-4F79-8C6B-563F43F96086}.Debug|Any CPU.ActiveCfg = Debug|Any CPU
		{B2B70D29-7C69-4F79-8C6B-563F43F96086}.Debug|Any CPU.Build.0 = Debug|Any CPU
		{B2B70D29-7C69-4F79-8C6B-563F43F96086}.Release|Any CPU.ActiveCfg = Release|Any CPU
		{B2B70D29-7C69-4F79-8C6B-563F43F96086}.Release|Any CPU.Build.0 = Release|Any CPU
	EndGlobalSection
	GlobalSection(SolutionProperties) = preSolution
		HideSolutionNode = FALSE
	EndGlobalSection
	GlobalSection(ExtensibilityGlobals) = postSolution
		SolutionGuid = {B5BA59BD-939F-481D-A52D-25592AEAD5FF}
	EndGlobalSection
EndGlobal
